
Microsoft Visual Studio Solution File, Format Version 12.00
# Visual Studio 2013
VisualStudioVersion = 12.0.31101.0
MinimumVisualStudioVersion = 10.0.40219.1
Project("{F2A71F9B-5D33-465A-A702-920D77279786}") = "SentimentAnalysis", "SentimentAnalysis.fsproj", "{B70356DB-9E50-4001-B363-92779A1A40B0}"
EndProject
Project("{2150E333-8FDC-42A3-9474-1A3956D46DE8}") = "data", "data", "{5C636DD8-F537-45A5-B338-D0AD9247CD8E}"
	ProjectSection(SolutionItems) = preProject
		data\fsharp_2013-2014.csv = data\fsharp_2013-2014.csv
		data\sentiments.json = data\sentiments.json
	EndProjectSection
EndProject
Global
	GlobalSection(SolutionConfigurationPlatforms) = preSolution
		Debug|Any CPU = Debug|Any CPU
		Release|Any CPU = Release|Any CPU
	EndGlobalSection
	GlobalSection(ProjectConfigurationPlatforms) = postSolution
		{B70356DB-9E50-4001-B363-92779A1A40B0}.Debug|Any CPU.ActiveCfg = Debug|Any CPU
		{B70356DB-9E50-4001-B363-92779A1A40B0}.Debug|Any CPU.Build.0 = Debug|Any CPU
		{B70356DB-9E50-4001-B363-92779A1A40B0}.Release|Any CPU.ActiveCfg = Release|Any CPU
		{B70356DB-9E50-4001-B363-92779A1A40B0}.Release|Any CPU.Build.0 = Release|Any CPU
	EndGlobalSection
	GlobalSection(SolutionProperties) = preSolution
		HideSolutionNode = FALSE
	EndGlobalSection
EndGlobal
